// !$*UTF8*$!
{
	archiveVersion = 1;
	classes = {
	};
	objectVersion = 77;
	objects = {

/* Begin PBXBuildFile section */
		04A59869C4D83C7F44033846 /* SettingsFeature.swift in Sources */ = {isa = PBXBuildFile; fileRef = F42B5F0C78342612FE7B348A /* SettingsFeature.swift */; };
		0A981FEFF2E85D60B3CB1197 /* Splash in Frameworks */ = {isa = PBXBuildFile; productRef = FB63CFA223EF589A84C056AF /* Splash */; };
		16A338A526A46E23E66F0621 /* Annotation.swift in Sources */ = {isa = PBXBuildFile; fileRef = 41271F5FEA941FE8CCD1E3CF /* Annotation.swift */; };
		1790D9DB49DDAFD5146BF2BD /* MarkDocument.swift in Sources */ = {isa = PBXBuildFile; fileRef = 2DA24215A4C112F595BC7993 /* MarkDocument.swift */; };
		18330AC97A3989097671FFF9 /* PairingFeatureTests.swift in Sources */ = {isa = PBXBuildFile; fileRef = E48D9AB55BBEAECD66C6590B /* PairingFeatureTests.swift */; };
		1B63E325E61BB6779A7382A8 /* SettingsFeatureTests.swift in Sources */ = {isa = PBXBuildFile; fileRef = 054E361194AB449BB614193B /* SettingsFeatureTests.swift */; };
		1BE887C5A387EBFDC00F0D98 /* JetBrainsMono-Variable.ttf in Resources */ = {isa = PBXBuildFile; fileRef = 16731139E88E1F6F496D103F /* JetBrainsMono-Variable.ttf */; };
		21686002B4C32F699ED62B57 /* Device.swift in Sources */ = {isa = PBXBuildFile; fileRef = 137520E5574BC05ADD007E62 /* Device.swift */; };
		29DAAF55A28A5AEFC45DF68C /* Typography.swift in Sources */ = {isa = PBXBuildFile; fileRef = AD7DDF6C74C0F46ECA07DB6D /* Typography.swift */; };
		2C988320C14E2839058A5D94 /* Theme.swift in Sources */ = {isa = PBXBuildFile; fileRef = FA04CD765325034226866747 /* Theme.swift */; };
		2CDFFFD12BE9F19735292424 /* FeedFeature.swift in Sources */ = {isa = PBXBuildFile; fileRef = 32ED71BD66702937437764D7 /* FeedFeature.swift */; };
		2E0978C1495373187F1033F0 /* MarkdownUI in Frameworks */ = {isa = PBXBuildFile; productRef = B222B759713B229D615EA298 /* MarkdownUI */; };
		32B5ABF4FEE8D630246F416B /* ReaderFeature.swift in Sources */ = {isa = PBXBuildFile; fileRef = 7981473C541AF540AF7B22BC /* ReaderFeature.swift */; };
		39E196CF875BBE38FEB5701C /* ReadingProgressBar.swift in Sources */ = {isa = PBXBuildFile; fileRef = A4F757733B2AC64C9F031480 /* ReadingProgressBar.swift */; };
		3C43DE3C4E0EC137F3A580B2 /* Spacing.swift in Sources */ = {isa = PBXBuildFile; fileRef = 286AA8E804D6D0E8FE252C39 /* Spacing.swift */; };
		42C29A2655D84766B58100D9 /* FeedFeatureTests.swift in Sources */ = {isa = PBXBuildFile; fileRef = 4B0C8E5E6CB836E8E5052C7E /* FeedFeatureTests.swift */; };
		452353FF6A9FA30DCAB31DB0 /* ReaderView.swift in Sources */ = {isa = PBXBuildFile; fileRef = 328D860A5AC8E71BBF3A92E1 /* ReaderView.swift */; };
		4D0D3D8364130DCBAFEA2581 /* SharedModelContainer.swift in Sources */ = {isa = PBXBuildFile; fileRef = 7A55E3141F8DD02095F3893A /* SharedModelContainer.swift */; };
		645BA535BCC79896A9570F83 /* PersistenceClient.swift in Sources */ = {isa = PBXBuildFile; fileRef = AFE19161921062EA93519366 /* PersistenceClient.swift */; };
		68CA5F7966806F2CABC6167B /* Fraunces-Variable.ttf in Resources */ = {isa = PBXBuildFile; fileRef = 5DD8F04F324EEEA9406D6598 /* Fraunces-Variable.ttf */; };
		69CC360DE78D784B58A3FE99 /* KeychainAccess in Frameworks */ = {isa = PBXBuildFile; productRef = 9D2AEFD60F888C1E2EA81070 /* KeychainAccess */; };
		6BD49EC66864151AB94B7EB8 /* PrivacyInfo.xcprivacy in Resources */ = {isa = PBXBuildFile; fileRef = FCED1C657BDA720D8D4F34AF /* PrivacyInfo.xcprivacy */; };
		714266CD4DD913D99DD883D7 /* LibraryFeatureTests.swift in Sources */ = {isa = PBXBuildFile; fileRef = 0F48F6E9498A1C515A61BB36 /* LibraryFeatureTests.swift */; };
		791B3D86CED72DD452EBD37D /* PlayfairDisplay-Variable.ttf in Resources */ = {isa = PBXBuildFile; fileRef = 331EC4B600676FC98E957CB3 /* PlayfairDisplay-Variable.ttf */; };
		7D8AEA832094593AC1EC9C86 /* AuthClient.swift in Sources */ = {isa = PBXBuildFile; fileRef = 40A158F843DEC6FF980533DA /* AuthClient.swift */; };
		829C52E35CAA5E6A8315657F /* AuthView.swift in Sources */ = {isa = PBXBuildFile; fileRef = 6214BCEDC8E344D6C8621017 /* AuthView.swift */; };
		85B2E57E04F60A83BBFA673C /* PairingFeature.swift in Sources */ = {isa = PBXBuildFile; fileRef = A054C387C473ED705FA60BD4 /* PairingFeature.swift */; };
		8741281038B2BB69E25F08E4 /* CodeScanner in Frameworks */ = {isa = PBXBuildFile; productRef = EB85D7B618A2B4EF40D57DA7 /* CodeScanner */; };
		8CB94580F383A10EBD32AB40 /* CryptoUtils.swift in Sources */ = {isa = PBXBuildFile; fileRef = B00663ED558088D9C19C2E59 /* CryptoUtils.swift */; };
		8DA532AF3AB33BFA8850C912 /* Colors.xcassets in Resources */ = {isa = PBXBuildFile; fileRef = E1D2087BC72BD925D0DAF9C8 /* Colors.xcassets */; };
		902C307B3A80BE5F35C57BFB /* WiFiReceiver.swift in Sources */ = {isa = PBXBuildFile; fileRef = 7D73B42F35B46BB5BCCE476F /* WiFiReceiver.swift */; };
		909B361A8AA2343BEBD80A70 /* Colors.swift in Sources */ = {isa = PBXBuildFile; fileRef = 243E2392514A9FE81EE37FEC /* Colors.swift */; };
		936D800D19585D830DD6289A /* PushMessage.swift in Sources */ = {isa = PBXBuildFile; fileRef = 6B81378454729CD5E000D3A2 /* PushMessage.swift */; };
		97FFCD6BD1A55D34E1F7004D /* MarkPushApp.swift in Sources */ = {isa = PBXBuildFile; fileRef = D13F2585374BACD111EBA557 /* MarkPushApp.swift */; };
		9D3E1C5FF9700011E6C075A9 /* Supabase in Frameworks */ = {isa = PBXBuildFile; productRef = 162AE7E9BE9C76F1A3359C21 /* Supabase */; };
		9DBC44ECEDC416043E7A2B20 /* LibraryFeature.swift in Sources */ = {isa = PBXBuildFile; fileRef = A076CB16B5D99533A1AC95EF /* LibraryFeature.swift */; };
		9F0830FB88BDBDF320B2BDB9 /* Lora-Variable.ttf in Resources */ = {isa = PBXBuildFile; fileRef = E7A71A73AEA0B7F26DF7589B /* Lora-Variable.ttf */; };
		A22B00B6C3F6D2D754495800 /* ReaderFeatureTests.swift in Sources */ = {isa = PBXBuildFile; fileRef = B74E905F5027BF81B86B290F /* ReaderFeatureTests.swift */; };
		A5680C23DF0DF37A860D4E55 /* Keychain.swift in Sources */ = {isa = PBXBuildFile; fileRef = 57C600CAE5F8E7851298E772 /* Keychain.swift */; };
		AD478EAC4C4918ADBE13575B /* MarkPushClient.swift in Sources */ = {isa = PBXBuildFile; fileRef = FAD8D4B409807B6201A2025E /* MarkPushClient.swift */; };
		B4B2DA04C9928B2816B266A6 /* AppFeatureTests.swift in Sources */ = {isa = PBXBuildFile; fileRef = 43EFB64B0C55B173B8FD67F4 /* AppFeatureTests.swift */; };
		C45F5A2598098B63E4F54EA6 /* CodeBlockView.swift in Sources */ = {isa = PBXBuildFile; fileRef = 9C948C7A9DF2B1ACE11A1E50 /* CodeBlockView.swift */; };
		C992D145B3E35F8B91B2D9A5 /* AuthFeatureTests.swift in Sources */ = {isa = PBXBuildFile; fileRef = 86613977F3F10095BC7BF125 /* AuthFeatureTests.swift */; };
		DC1C8D7D4C94EE0A9C4FDCC2 /* FeedView.swift in Sources */ = {isa = PBXBuildFile; fileRef = 31F25C5C99BEF065B9DAFCEE /* FeedView.swift */; };
		E193BD984C40F31B2813D9BF /* Inter-Variable.ttf in Resources */ = {isa = PBXBuildFile; fileRef = CE9459E9A380F20DAEE0118E /* Inter-Variable.ttf */; };
		E72104651FB87C94ABFBA503 /* SettingsView.swift in Sources */ = {isa = PBXBuildFile; fileRef = B1901B0D67C952746EB4836E /* SettingsView.swift */; };
		EA6F71C0FC30D970627B4281 /* DocCard.swift in Sources */ = {isa = PBXBuildFile; fileRef = 8DB6F3D2B2C838DD64212ECF /* DocCard.swift */; };
		EFA8632BF1698F371736ECD8 /* LibraryView.swift in Sources */ = {isa = PBXBuildFile; fileRef = 9B3F52595165364DE0209A6A /* LibraryView.swift */; };
		EFF4AEBCEC4891D048F8F14F /* AuthFeature.swift in Sources */ = {isa = PBXBuildFile; fileRef = C229939AE964983B8E4D7097 /* AuthFeature.swift */; };
		F53A898981ABEC68B1368C40 /* PairingView.swift in Sources */ = {isa = PBXBuildFile; fileRef = 6DED85565AA72DA2CEF3F23C /* PairingView.swift */; };
		F61C52BFC98B89FBCBD357F7 /* ComposableArchitecture in Frameworks */ = {isa = PBXBuildFile; productRef = FCF5F0C0CE04125D93903651 /* ComposableArchitecture */; };
		F7861A6DF92424B15375798E /* CloudReceiver.swift in Sources */ = {isa = PBXBuildFile; fileRef = 03ABB55AFC24C4F9B7ECB691 /* CloudReceiver.swift */; };
		FDEA45087FE6669950FC2A92 /* AppFeature.swift in Sources */ = {isa = PBXBuildFile; fileRef = 9AA5A07CAFB81149E3166E62 /* AppFeature.swift */; };
/* End PBXBuildFile section */

/* Begin PBXContainerItemProxy section */
		F6D46FFDF3273DD359EEDB26 /* PBXContainerItemProxy */ = {
			isa = PBXContainerItemProxy;
			containerPortal = 6EC387DA9C31442C60AFFD73 /* Project object */;
			proxyType = 1;
			remoteGlobalIDString = 5FF00030E05DE0F7B7D493FB;
			remoteInfo = MarkPush;
		};
/* End PBXContainerItemProxy section */

/* Begin PBXFileReference section */
		03ABB55AFC24C4F9B7ECB691 /* CloudReceiver.swift */ = {isa = PBXFileReference; lastKnownFileType = sourcecode.swift; path = CloudReceiver.swift; sourceTree = "<group>"; };
		054E361194AB449BB614193B /* SettingsFeatureTests.swift */ = {isa = PBXFileReference; lastKnownFileType = sourcecode.swift; path = SettingsFeatureTests.swift; sourceTree = "<group>"; };
		0DBB52EA5E279128707E8E52 /* MarkPush.app */ = {isa = PBXFileReference; includeInIndex = 0; lastKnownFileType = wrapper.application; path = MarkPush.app; sourceTree = BUILT_PRODUCTS_DIR; };
		0F48F6E9498A1C515A61BB36 /* LibraryFeatureTests.swift */ = {isa = PBXFileReference; lastKnownFileType = sourcecode.swift; path = LibraryFeatureTests.swift; sourceTree = "<group>"; };
		137520E5574BC05ADD007E62 /* Device.swift */ = {isa = PBXFileReference; lastKnownFileType = sourcecode.swift; path = Device.swift; sourceTree = "<group>"; };
		16731139E88E1F6F496D103F /* JetBrainsMono-Variable.ttf */ = {isa = PBXFileReference; lastKnownFileType = file; path = "JetBrainsMono-Variable.ttf"; sourceTree = "<group>"; };
		1C1C6CFE6FF855627BA9E4E4 /* Info.plist */ = {isa = PBXFileReference; lastKnownFileType = text.plist; path = Info.plist; sourceTree = "<group>"; };
		243E2392514A9FE81EE37FEC /* Colors.swift */ = {isa = PBXFileReference; lastKnownFileType = sourcecode.swift; path = Colors.swift; sourceTree = "<group>"; };
		286AA8E804D6D0E8FE252C39 /* Spacing.swift */ = {isa = PBXFileReference; lastKnownFileType = sourcecode.swift; path = Spacing.swift; sourceTree = "<group>"; };
		2DA24215A4C112F595BC7993 /* MarkDocument.swift */ = {isa = PBXFileReference; lastKnownFileType = sourcecode.swift; path = MarkDocument.swift; sourceTree = "<group>"; };
		31F25C5C99BEF065B9DAFCEE /* FeedView.swift */ = {isa = PBXFileReference; lastKnownFileType = sourcecode.swift; path = FeedView.swift; sourceTree = "<group>"; };
		328D860A5AC8E71BBF3A92E1 /* ReaderView.swift */ = {isa = PBXFileReference; lastKnownFileType = sourcecode.swift; path = ReaderView.swift; sourceTree = "<group>"; };
		32ED71BD66702937437764D7 /* FeedFeature.swift */ = {isa = PBXFileReference; lastKnownFileType = sourcecode.swift; path = FeedFeature.swift; sourceTree = "<group>"; };
		331EC4B600676FC98E957CB3 /* PlayfairDisplay-Variable.ttf */ = {isa = PBXFileReference; lastKnownFileType = file; path = "PlayfairDisplay-Variable.ttf"; sourceTree = "<group>"; };
		40A158F843DEC6FF980533DA /* AuthClient.swift */ = {isa = PBXFileReference; lastKnownFileType = sourcecode.swift; path = AuthClient.swift; sourceTree = "<group>"; };
		41271F5FEA941FE8CCD1E3CF /* Annotation.swift */ = {isa = PBXFileReference; lastKnownFileType = sourcecode.swift; path = Annotation.swift; sourceTree = "<group>"; };
		43EFB64B0C55B173B8FD67F4 /* AppFeatureTests.swift */ = {isa = PBXFileReference; lastKnownFileType = sourcecode.swift; path = AppFeatureTests.swift; sourceTree = "<group>"; };
		4B0C8E5E6CB836E8E5052C7E /* FeedFeatureTests.swift */ = {isa = PBXFileReference; lastKnownFileType = sourcecode.swift; path = FeedFeatureTests.swift; sourceTree = "<group>"; };
		4F1F05796D1CB3039095E76A /* MarkPushTests.xctest */ = {isa = PBXFileReference; includeInIndex = 0; lastKnownFileType = wrapper.cfbundle; path = MarkPushTests.xctest; sourceTree = BUILT_PRODUCTS_DIR; };
		57C600CAE5F8E7851298E772 /* Keychain.swift */ = {isa = PBXFileReference; lastKnownFileType = sourcecode.swift; path = Keychain.swift; sourceTree = "<group>"; };
		5DD8F04F324EEEA9406D6598 /* Fraunces-Variable.ttf */ = {isa = PBXFileReference; lastKnownFileType = file; path = "Fraunces-Variable.ttf"; sourceTree = "<group>"; };
		6214BCEDC8E344D6C8621017 /* AuthView.swift */ = {isa = PBXFileReference; lastKnownFileType = sourcecode.swift; path = AuthView.swift; sourceTree = "<group>"; };
		67235EC2286261DED9B916B0 /* MarkPush.entitlements */ = {isa = PBXFileReference; lastKnownFileType = text.plist.entitlements; path = MarkPush.entitlements; sourceTree = "<group>"; };
		6B81378454729CD5E000D3A2 /* PushMessage.swift */ = {isa = PBXFileReference; lastKnownFileType = sourcecode.swift; path = PushMessage.swift; sourceTree = "<group>"; };
		6DED85565AA72DA2CEF3F23C /* PairingView.swift */ = {isa = PBXFileReference; lastKnownFileType = sourcecode.swift; path = PairingView.swift; sourceTree = "<group>"; };
		7981473C541AF540AF7B22BC /* ReaderFeature.swift */ = {isa = PBXFileReference; lastKnownFileType = sourcecode.swift; path = ReaderFeature.swift; sourceTree = "<group>"; };
		7A55E3141F8DD02095F3893A /* SharedModelContainer.swift */ = {isa = PBXFileReference; lastKnownFileType = sourcecode.swift; path = SharedModelContainer.swift; sourceTree = "<group>"; };
		7D73B42F35B46BB5BCCE476F /* WiFiReceiver.swift */ = {isa = PBXFileReference; lastKnownFileType = sourcecode.swift; path = WiFiReceiver.swift; sourceTree = "<group>"; };
		86613977F3F10095BC7BF125 /* AuthFeatureTests.swift */ = {isa = PBXFileReference; lastKnownFileType = sourcecode.swift; path = AuthFeatureTests.swift; sourceTree = "<group>"; };
		8DB6F3D2B2C838DD64212ECF /* DocCard.swift */ = {isa = PBXFileReference; lastKnownFileType = sourcecode.swift; path = DocCard.swift; sourceTree = "<group>"; };
		9AA5A07CAFB81149E3166E62 /* AppFeature.swift */ = {isa = PBXFileReference; lastKnownFileType = sourcecode.swift; path = AppFeature.swift; sourceTree = "<group>"; };
		9B3F52595165364DE0209A6A /* LibraryView.swift */ = {isa = PBXFileReference; lastKnownFileType = sourcecode.swift; path = LibraryView.swift; sourceTree = "<group>"; };
		9C948C7A9DF2B1ACE11A1E50 /* CodeBlockView.swift */ = {isa = PBXFileReference; lastKnownFileType = sourcecode.swift; path = CodeBlockView.swift; sourceTree = "<group>"; };
		A054C387C473ED705FA60BD4 /* PairingFeature.swift */ = {isa = PBXFileReference; lastKnownFileType = sourcecode.swift; path = PairingFeature.swift; sourceTree = "<group>"; };
		A076CB16B5D99533A1AC95EF /* LibraryFeature.swift */ = {isa = PBXFileReference; lastKnownFileType = sourcecode.swift; path = LibraryFeature.swift; sourceTree = "<group>"; };
		A4F757733B2AC64C9F031480 /* ReadingProgressBar.swift */ = {isa = PBXFileReference; lastKnownFileType = sourcecode.swift; path = ReadingProgressBar.swift; sourceTree = "<group>"; };
		AD7DDF6C74C0F46ECA07DB6D /* Typography.swift */ = {isa = PBXFileReference; lastKnownFileType = sourcecode.swift; path = Typography.swift; sourceTree = "<group>"; };
		AFE19161921062EA93519366 /* PersistenceClient.swift */ = {isa = PBXFileReference; lastKnownFileType = sourcecode.swift; path = PersistenceClient.swift; sourceTree = "<group>"; };
		B00663ED558088D9C19C2E59 /* CryptoUtils.swift */ = {isa = PBXFileReference; lastKnownFileType = sourcecode.swift; path = CryptoUtils.swift; sourceTree = "<group>"; };
		B1901B0D67C952746EB4836E /* SettingsView.swift */ = {isa = PBXFileReference; lastKnownFileType = sourcecode.swift; path = SettingsView.swift; sourceTree = "<group>"; };
		B74E905F5027BF81B86B290F /* ReaderFeatureTests.swift */ = {isa = PBXFileReference; lastKnownFileType = sourcecode.swift; path = ReaderFeatureTests.swift; sourceTree = "<group>"; };
		C229939AE964983B8E4D7097 /* AuthFeature.swift */ = {isa = PBXFileReference; lastKnownFileType = sourcecode.swift; path = AuthFeature.swift; sourceTree = "<group>"; };
		CE9459E9A380F20DAEE0118E /* Inter-Variable.ttf */ = {isa = PBXFileReference; lastKnownFileType = file; path = "Inter-Variable.ttf"; sourceTree = "<group>"; };
		D13F2585374BACD111EBA557 /* MarkPushApp.swift */ = {isa = PBXFileReference; lastKnownFileType = sourcecode.swift; path = MarkPushApp.swift; sourceTree = "<group>"; };
		E1D2087BC72BD925D0DAF9C8 /* Colors.xcassets */ = {isa = PBXFileReference; lastKnownFileType = folder.assetcatalog; path = Colors.xcassets; sourceTree = "<group>"; };
		E48D9AB55BBEAECD66C6590B /* PairingFeatureTests.swift */ = {isa = PBXFileReference; lastKnownFileType = sourcecode.swift; path = PairingFeatureTests.swift; sourceTree = "<group>"; };
		E7A71A73AEA0B7F26DF7589B /* Lora-Variable.ttf */ = {isa = PBXFileReference; lastKnownFileType = file; path = "Lora-Variable.ttf"; sourceTree = "<group>"; };
		F42B5F0C78342612FE7B348A /* SettingsFeature.swift */ = {isa = PBXFileReference; lastKnownFileType = sourcecode.swift; path = SettingsFeature.swift; sourceTree = "<group>"; };
		FA04CD765325034226866747 /* Theme.swift */ = {isa = PBXFileReference; lastKnownFileType = sourcecode.swift; path = Theme.swift; sourceTree = "<group>"; };
		FAD8D4B409807B6201A2025E /* MarkPushClient.swift */ = {isa = PBXFileReference; lastKnownFileType = sourcecode.swift; path = MarkPushClient.swift; sourceTree = "<group>"; };
		FCED1C657BDA720D8D4F34AF /* PrivacyInfo.xcprivacy */ = {isa = PBXFileReference; path = PrivacyInfo.xcprivacy; sourceTree = "<group>"; };
/* End PBXFileReference section */

/* Begin PBXFrameworksBuildPhase section */
		44CC1886E425D124DE59FD00 /* Frameworks */ = {
			isa = PBXFrameworksBuildPhase;
			buildActionMask = 2147483647;
			files = (
				F61C52BFC98B89FBCBD357F7 /* ComposableArchitecture in Frameworks */,
				2E0978C1495373187F1033F0 /* MarkdownUI in Frameworks */,
				0A981FEFF2E85D60B3CB1197 /* Splash in Frameworks */,
				9D3E1C5FF9700011E6C075A9 /* Supabase in Frameworks */,
				8741281038B2BB69E25F08E4 /* CodeScanner in Frameworks */,
				69CC360DE78D784B58A3FE99 /* KeychainAccess in Frameworks */,
			);
			runOnlyForDeploymentPostprocessing = 0;
		};
/* End PBXFrameworksBuildPhase section */

/* Begin PBXGroup section */
		019C959032560E5D900D765A /* Library */ = {
			isa = PBXGroup;
			children = (
				A076CB16B5D99533A1AC95EF /* LibraryFeature.swift */,
				9B3F52595165364DE0209A6A /* LibraryView.swift */,
			);
			path = Library;
			sourceTree = "<group>";
		};
		023923AD0DF71D2273CB7684 /* Settings */ = {
			isa = PBXGroup;
			children = (
				F42B5F0C78342612FE7B348A /* SettingsFeature.swift */,
				B1901B0D67C952746EB4836E /* SettingsView.swift */,
			);
			path = Settings;
			sourceTree = "<group>";
		};
		112B4F9F7B2816E5B4219D5C /* App */ = {
			isa = PBXGroup;
			children = (
				9AA5A07CAFB81149E3166E62 /* AppFeature.swift */,
				D13F2585374BACD111EBA557 /* MarkPushApp.swift */,
				7A55E3141F8DD02095F3893A /* SharedModelContainer.swift */,
			);
			path = App;
			sourceTree = "<group>";
		};
		2B75605991754515CDE782EE /* Products */ = {
			isa = PBXGroup;
			children = (
				0DBB52EA5E279128707E8E52 /* MarkPush.app */,
				4F1F05796D1CB3039095E76A /* MarkPushTests.xctest */,
			);
			name = Products;
			sourceTree = "<group>";
		};
		47DB969281C38C299243C967 = {
			isa = PBXGroup;
			children = (
				FE41769D532B56CFEC733DFC /* MarkPush */,
				692145EF5396251F0BB15D93 /* MarkPushTests */,
				2B75605991754515CDE782EE /* Products */,
			);
			sourceTree = "<group>";
		};
		56419D079BA0F5D4273F2E9A /* Clients */ = {
			isa = PBXGroup;
			children = (
				40A158F843DEC6FF980533DA /* AuthClient.swift */,
				FAD8D4B409807B6201A2025E /* MarkPushClient.swift */,
				AFE19161921062EA93519366 /* PersistenceClient.swift */,
			);
			path = Clients;
			sourceTree = "<group>";
		};
		692145EF5396251F0BB15D93 /* MarkPushTests */ = {
			isa = PBXGroup;
			children = (
				43EFB64B0C55B173B8FD67F4 /* AppFeatureTests.swift */,
				86613977F3F10095BC7BF125 /* AuthFeatureTests.swift */,
				4B0C8E5E6CB836E8E5052C7E /* FeedFeatureTests.swift */,
				0F48F6E9498A1C515A61BB36 /* LibraryFeatureTests.swift */,
				E48D9AB55BBEAECD66C6590B /* PairingFeatureTests.swift */,
				B74E905F5027BF81B86B290F /* ReaderFeatureTests.swift */,
				054E361194AB449BB614193B /* SettingsFeatureTests.swift */,
			);
			path = MarkPushTests;
			sourceTree = "<group>";
		};
		785ED2726E2F691C8A5FC594 /* Components */ = {
			isa = PBXGroup;
			children = (
				9C948C7A9DF2B1ACE11A1E50 /* CodeBlockView.swift */,
				8DB6F3D2B2C838DD64212ECF /* DocCard.swift */,
				A4F757733B2AC64C9F031480 /* ReadingProgressBar.swift */,
			);
			path = Components;
			sourceTree = "<group>";
		};
		7C9C9611ED56E960422F2154 /* Auth */ = {
			isa = PBXGroup;
			children = (
				C229939AE964983B8E4D7097 /* AuthFeature.swift */,
				6214BCEDC8E344D6C8621017 /* AuthView.swift */,
			);
			path = Auth;
			sourceTree = "<group>";
		};
		87245E7C7A51DCB656965600 /* Transport */ = {
			isa = PBXGroup;
			children = (
				03ABB55AFC24C4F9B7ECB691 /* CloudReceiver.swift */,
				7D73B42F35B46BB5BCCE476F /* WiFiReceiver.swift */,
			);
			path = Transport;
			sourceTree = "<group>";
		};
		88A1F100BAFD3D3CB8E9DB37 /* Features */ = {
			isa = PBXGroup;
			children = (
				7C9C9611ED56E960422F2154 /* Auth */,
				E01251C6DC8BB66D8544FC77 /* Feed */,
				019C959032560E5D900D765A /* Library */,
				A28B58FB9919471369789FF4 /* Pairing */,
				C81BE061C36A0373020821B0 /* Reader */,
				023923AD0DF71D2273CB7684 /* Settings */,
			);
			path = Features;
			sourceTree = "<group>";
		};
		A28B58FB9919471369789FF4 /* Pairing */ = {
			isa = PBXGroup;
			children = (
				A054C387C473ED705FA60BD4 /* PairingFeature.swift */,
				6DED85565AA72DA2CEF3F23C /* PairingView.swift */,
			);
			path = Pairing;
			sourceTree = "<group>";
		};
		B341AE7548FE9EE420CB9959 /* Models */ = {
			isa = PBXGroup;
			children = (
				41271F5FEA941FE8CCD1E3CF /* Annotation.swift */,
				137520E5574BC05ADD007E62 /* Device.swift */,
				2DA24215A4C112F595BC7993 /* MarkDocument.swift */,
				6B81378454729CD5E000D3A2 /* PushMessage.swift */,
			);
			path = Models;
			sourceTree = "<group>";
		};
		C81BE061C36A0373020821B0 /* Reader */ = {
			isa = PBXGroup;
			children = (
				7981473C541AF540AF7B22BC /* ReaderFeature.swift */,
				328D860A5AC8E71BBF3A92E1 /* ReaderView.swift */,
			);
			path = Reader;
			sourceTree = "<group>";
		};
		CAECBBABA3D8A9E48F6D2CA9 /* UI */ = {
			isa = PBXGroup;
			children = (
				FA04CD765325034226866747 /* Theme.swift */,
				785ED2726E2F691C8A5FC594 /* Components */,
				DD577040F75B0D4904685205 /* DesignSystem */,
			);
			path = UI;
			sourceTree = "<group>";
		};
		CC1F16C25C0E1E65F22C7CF9 /* Utilities */ = {
			isa = PBXGroup;
			children = (
				B00663ED558088D9C19C2E59 /* CryptoUtils.swift */,
				57C600CAE5F8E7851298E772 /* Keychain.swift */,
			);
			path = Utilities;
			sourceTree = "<group>";
		};
		D8F13A693458342185A14A66 /* Resources */ = {
			isa = PBXGroup;
			children = (
				E1D2087BC72BD925D0DAF9C8 /* Colors.xcassets */,
				FCED1C657BDA720D8D4F34AF /* PrivacyInfo.xcprivacy */,
				FF01509A7CC5D2EA74481008 /* Fonts */,
			);
			path = Resources;
			sourceTree = "<group>";
		};
		DD577040F75B0D4904685205 /* DesignSystem */ = {
			isa = PBXGroup;
			children = (
				243E2392514A9FE81EE37FEC /* Colors.swift */,
				286AA8E804D6D0E8FE252C39 /* Spacing.swift */,
				AD7DDF6C74C0F46ECA07DB6D /* Typography.swift */,
			);
			path = DesignSystem;
			sourceTree = "<group>";
		};
		E01251C6DC8BB66D8544FC77 /* Feed */ = {
			isa = PBXGroup;
			children = (
				32ED71BD66702937437764D7 /* FeedFeature.swift */,
				31F25C5C99BEF065B9DAFCEE /* FeedView.swift */,
			);
			path = Feed;
			sourceTree = "<group>";
		};
		FE41769D532B56CFEC733DFC /* MarkPush */ = {
			isa = PBXGroup;
			children = (
				1C1C6CFE6FF855627BA9E4E4 /* Info.plist */,
				67235EC2286261DED9B916B0 /* MarkPush.entitlements */,
				112B4F9F7B2816E5B4219D5C /* App */,
				56419D079BA0F5D4273F2E9A /* Clients */,
				88A1F100BAFD3D3CB8E9DB37 /* Features */,
				B341AE7548FE9EE420CB9959 /* Models */,
				D8F13A693458342185A14A66 /* Resources */,
				87245E7C7A51DCB656965600 /* Transport */,
				CAECBBABA3D8A9E48F6D2CA9 /* UI */,
				CC1F16C25C0E1E65F22C7CF9 /* Utilities */,
			);
			path = MarkPush;
			sourceTree = "<group>";
		};
		FF01509A7CC5D2EA74481008 /* Fonts */ = {
			isa = PBXGroup;
			children = (
				5DD8F04F324EEEA9406D6598 /* Fraunces-Variable.ttf */,
				CE9459E9A380F20DAEE0118E /* Inter-Variable.ttf */,
				16731139E88E1F6F496D103F /* JetBrainsMono-Variable.ttf */,
				E7A71A73AEA0B7F26DF7589B /* Lora-Variable.ttf */,
				331EC4B600676FC98E957CB3 /* PlayfairDisplay-Variable.ttf */,
			);
			path = Fonts;
			sourceTree = "<group>";
		};
/* End PBXGroup section */

/* Begin PBXNativeTarget section */
		4F59A711D937C60EC7083A73 /* MarkPushTests */ = {
			isa = PBXNativeTarget;
			buildConfigurationList = 2A4180F10D7F258337AC2108 /* Build configuration list for PBXNativeTarget "MarkPushTests" */;
			buildPhases = (
				773E6C7BA33AC9C5CE8512E2 /* Sources */,
			);
			buildRules = (
			);
			dependencies = (
				BE9FE11570742FA83F7F8C64 /* PBXTargetDependency */,
			);
			name = MarkPushTests;
			packageProductDependencies = (
			);
			productName = MarkPushTests;
			productReference = 4F1F05796D1CB3039095E76A /* MarkPushTests.xctest */;
			productType = "com.apple.product-type.bundle.unit-test";
		};
		5FF00030E05DE0F7B7D493FB /* MarkPush */ = {
			isa = PBXNativeTarget;
			buildConfigurationList = 0BECF56D6D694BA739FF83EE /* Build configuration list for PBXNativeTarget "MarkPush" */;
			buildPhases = (
				A43FD9D8CEC7B0BF8096B57E /* Sources */,
				D72AEBDAA19C5CE144FFF1C5 /* Resources */,
				44CC1886E425D124DE59FD00 /* Frameworks */,
			);
			buildRules = (
			);
			dependencies = (
			);
			name = MarkPush;
			packageProductDependencies = (
				FCF5F0C0CE04125D93903651 /* ComposableArchitecture */,
				B222B759713B229D615EA298 /* MarkdownUI */,
				FB63CFA223EF589A84C056AF /* Splash */,
				162AE7E9BE9C76F1A3359C21 /* Supabase */,
				EB85D7B618A2B4EF40D57DA7 /* CodeScanner */,
				9D2AEFD60F888C1E2EA81070 /* KeychainAccess */,
			);
			productName = MarkPush;
			productReference = 0DBB52EA5E279128707E8E52 /* MarkPush.app */;
			productType = "com.apple.product-type.application";
		};
/* End PBXNativeTarget section */

/* Begin PBXProject section */
		6EC387DA9C31442C60AFFD73 /* Project object */ = {
			isa = PBXProject;
			attributes = {
				BuildIndependentTargetsInParallel = YES;
				LastUpgradeCheck = 1430;
				TargetAttributes = {
					5FF00030E05DE0F7B7D493FB = {
						DevelopmentTeam = MWU56C4YRR;
						ProvisioningStyle = Automatic;
					};
				};
			};
			buildConfigurationList = E8E9246423B762F406B299C8 /* Build configuration list for PBXProject "MarkPush" */;
			developmentRegion = en;
			hasScannedForEncodings = 0;
			knownRegions = (
				Base,
				en,
			);
			mainGroup = 47DB969281C38C299243C967;
			minimizedProjectReferenceProxies = 1;
			packageReferences = (
				240D4BA213F6467A4EF2DBA5 /* XCRemoteSwiftPackageReference "CodeScanner" */,
				51C7292DD98D1AF044FBA546 /* XCRemoteSwiftPackageReference "KeychainAccess" */,
				CCCB8AED0290C24A04D52CBE /* XCRemoteSwiftPackageReference "Splash" */,
				B8305552A29B4E361A47C0D1 /* XCRemoteSwiftPackageReference "supabase-swift" */,
				8972B67D9B4ECC2A9E728646 /* XCRemoteSwiftPackageReference "swift-composable-architecture" */,
				391CDE4A385B30C165F588FA /* XCRemoteSwiftPackageReference "swift-markdown-ui" */,
			);
			preferredProjectObjectVersion = 77;
			productRefGroup = 2B75605991754515CDE782EE /* Products */;
			projectDirPath = "";
			projectRoot = "";
			targets = (
				5FF00030E05DE0F7B7D493FB /* MarkPush */,
				4F59A711D937C60EC7083A73 /* MarkPushTests */,
			);
		};
/* End PBXProject section */

/* Begin PBXResourcesBuildPhase section */
		D72AEBDAA19C5CE144FFF1C5 /* Resources */ = {
			isa = PBXResourcesBuildPhase;
			buildActionMask = 2147483647;
			files = (
				8DA532AF3AB33BFA8850C912 /* Colors.xcassets in Resources */,
				68CA5F7966806F2CABC6167B /* Fraunces-Variable.ttf in Resources */,
				E193BD984C40F31B2813D9BF /* Inter-Variable.ttf in Resources */,
				1BE887C5A387EBFDC00F0D98 /* JetBrainsMono-Variable.ttf in Resources */,
				9F0830FB88BDBDF320B2BDB9 /* Lora-Variable.ttf in Resources */,
				791B3D86CED72DD452EBD37D /* PlayfairDisplay-Variable.ttf in Resources */,
				6BD49EC66864151AB94B7EB8 /* PrivacyInfo.xcprivacy in Resources */,
			);
			runOnlyForDeploymentPostprocessing = 0;
		};
/* End PBXResourcesBuildPhase section */

/* Begin PBXSourcesBuildPhase section */
		773E6C7BA33AC9C5CE8512E2 /* Sources */ = {
			isa = PBXSourcesBuildPhase;
			buildActionMask = 2147483647;
			files = (
				B4B2DA04C9928B2816B266A6 /* AppFeatureTests.swift in Sources */,
				C992D145B3E35F8B91B2D9A5 /* AuthFeatureTests.swift in Sources */,
				42C29A2655D84766B58100D9 /* FeedFeatureTests.swift in Sources */,
				714266CD4DD913D99DD883D7 /* LibraryFeatureTests.swift in Sources */,
				18330AC97A3989097671FFF9 /* PairingFeatureTests.swift in Sources */,
				A22B00B6C3F6D2D754495800 /* ReaderFeatureTests.swift in Sources */,
				1B63E325E61BB6779A7382A8 /* SettingsFeatureTests.swift in Sources */,
			);
			runOnlyForDeploymentPostprocessing = 0;
		};
		A43FD9D8CEC7B0BF8096B57E /* Sources */ = {
			isa = PBXSourcesBuildPhase;
			buildActionMask = 2147483647;
			files = (
				16A338A526A46E23E66F0621 /* Annotation.swift in Sources */,
				FDEA45087FE6669950FC2A92 /* AppFeature.swift in Sources */,
				7D8AEA832094593AC1EC9C86 /* AuthClient.swift in Sources */,
				EFF4AEBCEC4891D048F8F14F /* AuthFeature.swift in Sources */,
				829C52E35CAA5E6A8315657F /* AuthView.swift in Sources */,
				F7861A6DF92424B15375798E /* CloudReceiver.swift in Sources */,
				C45F5A2598098B63E4F54EA6 /* CodeBlockView.swift in Sources */,
				909B361A8AA2343BEBD80A70 /* Colors.swift in Sources */,
				8CB94580F383A10EBD32AB40 /* CryptoUtils.swift in Sources */,
				21686002B4C32F699ED62B57 /* Device.swift in Sources */,
				EA6F71C0FC30D970627B4281 /* DocCard.swift in Sources */,
				2CDFFFD12BE9F19735292424 /* FeedFeature.swift in Sources */,
				DC1C8D7D4C94EE0A9C4FDCC2 /* FeedView.swift in Sources */,
				A5680C23DF0DF37A860D4E55 /* Keychain.swift in Sources */,
				9DBC44ECEDC416043E7A2B20 /* LibraryFeature.swift in Sources */,
				EFA8632BF1698F371736ECD8 /* LibraryView.swift in Sources */,
				1790D9DB49DDAFD5146BF2BD /* MarkDocument.swift in Sources */,
				97FFCD6BD1A55D34E1F7004D /* MarkPushApp.swift in Sources */,
				AD478EAC4C4918ADBE13575B /* MarkPushClient.swift in Sources */,
				85B2E57E04F60A83BBFA673C /* PairingFeature.swift in Sources */,
				F53A898981ABEC68B1368C40 /* PairingView.swift in Sources */,
				645BA535BCC79896A9570F83 /* PersistenceClient.swift in Sources */,
				936D800D19585D830DD6289A /* PushMessage.swift in Sources */,
				32B5ABF4FEE8D630246F416B /* ReaderFeature.swift in Sources */,
				452353FF6A9FA30DCAB31DB0 /* ReaderView.swift in Sources */,
				39E196CF875BBE38FEB5701C /* ReadingProgressBar.swift in Sources */,
				04A59869C4D83C7F44033846 /* SettingsFeature.swift in Sources */,
				E72104651FB87C94ABFBA503 /* SettingsView.swift in Sources */,
				4D0D3D8364130DCBAFEA2581 /* SharedModelContainer.swift in Sources */,
				3C43DE3C4E0EC137F3A580B2 /* Spacing.swift in Sources */,
				2C988320C14E2839058A5D94 /* Theme.swift in Sources */,
				29DAAF55A28A5AEFC45DF68C /* Typography.swift in Sources */,
				902C307B3A80BE5F35C57BFB /* WiFiReceiver.swift in Sources */,
			);
			runOnlyForDeploymentPostprocessing = 0;
		};
/* End PBXSourcesBuildPhase section */

/* Begin PBXTargetDependency section */
		BE9FE11570742FA83F7F8C64 /* PBXTargetDependency */ = {
			isa = PBXTargetDependency;
			target = 5FF00030E05DE0F7B7D493FB /* MarkPush */;
			targetProxy = F6D46FFDF3273DD359EEDB26 /* PBXContainerItemProxy */;
		};
/* End PBXTargetDependency section */

/* Begin XCBuildConfiguration section */
		144B4256767D347C0CBE3B0D /* Debug */ = {
			isa = XCBuildConfiguration;
			buildSettings = {
				ALWAYS_SEARCH_USER_PATHS = NO;
				CLANG_ANALYZER_NONNULL = YES;
				CLANG_ANALYZER_NUMBER_OBJECT_CONVERSION = YES_AGGRESSIVE;
				CLANG_CXX_LANGUAGE_STANDARD = "gnu++14";
				CLANG_CXX_LIBRARY = "libc++";
				CLANG_ENABLE_MODULES = YES;
				CLANG_ENABLE_OBJC_ARC = YES;
				CLANG_ENABLE_OBJC_WEAK = YES;
				CLANG_WARN_BLOCK_CAPTURE_AUTORELEASING = YES;
				CLANG_WARN_BOOL_CONVERSION = YES;
				CLANG_WARN_COMMA = YES;
				CLANG_WARN_CONSTANT_CONVERSION = YES;
				CLANG_WARN_DEPRECATED_OBJC_IMPLEMENTATIONS = YES;
				CLANG_WARN_DIRECT_OBJC_ISA_USAGE = YES_ERROR;
				CLANG_WARN_DOCUMENTATION_COMMENTS = YES;
				CLANG_WARN_EMPTY_BODY = YES;
				CLANG_WARN_ENUM_CONVERSION = YES;
				CLANG_WARN_INFINITE_RECURSION = YES;
				CLANG_WARN_INT_CONVERSION = YES;
				CLANG_WARN_NON_LITERAL_NULL_CONVERSION = YES;
				CLANG_WARN_OBJC_IMPLICIT_RETAIN_SELF = YES;
				CLANG_WARN_OBJC_LITERAL_CONVERSION = YES;
				CLANG_WARN_OBJC_ROOT_CLASS = YES_ERROR;
				CLANG_WARN_QUOTED_INCLUDE_IN_FRAMEWORK_HEADER = YES;
				CLANG_WARN_RANGE_LOOP_ANALYSIS = YES;
				CLANG_WARN_STRICT_PROTOTYPES = YES;
				CLANG_WARN_SUSPICIOUS_MOVE = YES;
				CLANG_WARN_UNGUARDED_AVAILABILITY = YES_AGGRESSIVE;
				CLANG_WARN_UNREACHABLE_CODE = YES;
				CLANG_WARN__DUPLICATE_METHOD_MATCH = YES;
				COPY_PHASE_STRIP = NO;
				DEBUG_INFORMATION_FORMAT = dwarf;
				ENABLE_STRICT_OBJC_MSGSEND = YES;
				ENABLE_TESTABILITY = YES;
				GCC_C_LANGUAGE_STANDARD = gnu11;
				GCC_DYNAMIC_NO_PIC = NO;
				GCC_NO_COMMON_BLOCKS = YES;
				GCC_OPTIMIZATION_LEVEL = 0;
				GCC_PREPROCESSOR_DEFINITIONS = (
					"$(inherited)",
					"DEBUG=1",
				);
				GCC_WARN_64_TO_32_BIT_CONVERSION = YES;
				GCC_WARN_ABOUT_RETURN_TYPE = YES_ERROR;
				GCC_WARN_UNDECLARED_SELECTOR = YES;
				GCC_WARN_UNINITIALIZED_AUTOS = YES_AGGRESSIVE;
				GCC_WARN_UNUSED_FUNCTION = YES;
				GCC_WARN_UNUSED_VARIABLE = YES;
				IPHONEOS_DEPLOYMENT_TARGET = 17.0;
				MTL_ENABLE_DEBUG_INFO = INCLUDE_SOURCE;
				MTL_FAST_MATH = YES;
				ONLY_ACTIVE_ARCH = YES;
				PRODUCT_NAME = "$(TARGET_NAME)";
				SDKROOT = iphoneos;
				SWIFT_ACTIVE_COMPILATION_CONDITIONS = DEBUG;
				SWIFT_OPTIMIZATION_LEVEL = "-Onone";
				SWIFT_STRICT_CONCURRENCY = targeted;
				SWIFT_VERSION = 6.0;
			};
			name = Debug;
		};
		194256D4F8E1C5AE9ABCA823 /* Release */ = {
			isa = XCBuildConfiguration;
			buildSettings = {
				ASSETCATALOG_COMPILER_APPICON_NAME = AppIcon;
				CODE_SIGN_ENTITLEMENTS = MarkPush/MarkPush.entitlements;
				CODE_SIGN_IDENTITY = "iPhone Developer";
				CODE_SIGN_STYLE = Automatic;
				CURRENT_PROJECT_VERSION = 1;
				DEVELOPMENT_TEAM = MWU56C4YRR;
				ENABLE_PREVIEWS = YES;
				INFOPLIST_FILE = MarkPush/Info.plist;
				LD_RUNPATH_SEARCH_PATHS = (
					"$(inherited)",
					"@executable_path/Frameworks",
				);
				MARKETING_VERSION = 0.1.0;
				PRODUCT_BUNDLE_IDENTIFIER = com.rahilsinghi.markpush;
				SDKROOT = iphoneos;
				SWIFT_OPTIMIZATION_LEVEL = "-O";
				TARGETED_DEVICE_FAMILY = "1,2";
			};
			name = Release;
		};
		258EA6F1EF55C5D426621353 /* Release */ = {
			isa = XCBuildConfiguration;
			buildSettings = {
				ALWAYS_SEARCH_USER_PATHS = NO;
				CLANG_ANALYZER_NONNULL = YES;
				CLANG_ANALYZER_NUMBER_OBJECT_CONVERSION = YES_AGGRESSIVE;
				CLANG_CXX_LANGUAGE_STANDARD = "gnu++14";
				CLANG_CXX_LIBRARY = "libc++";
				CLANG_ENABLE_MODULES = YES;
				CLANG_ENABLE_OBJC_ARC = YES;
				CLANG_ENABLE_OBJC_WEAK = YES;
				CLANG_WARN_BLOCK_CAPTURE_AUTORELEASING = YES;
				CLANG_WARN_BOOL_CONVERSION = YES;
				CLANG_WARN_COMMA = YES;
				CLANG_WARN_CONSTANT_CONVERSION = YES;
				CLANG_WARN_DEPRECATED_OBJC_IMPLEMENTATIONS = YES;
				CLANG_WARN_DIRECT_OBJC_ISA_USAGE = YES_ERROR;
				CLANG_WARN_DOCUMENTATION_COMMENTS = YES;
				CLANG_WARN_EMPTY_BODY = YES;
				CLANG_WARN_ENUM_CONVERSION = YES;
				CLANG_WARN_INFINITE_RECURSION = YES;
				CLANG_WARN_INT_CONVERSION = YES;
				CLANG_WARN_NON_LITERAL_NULL_CONVERSION = YES;
				CLANG_WARN_OBJC_IMPLICIT_RETAIN_SELF = YES;
				CLANG_WARN_OBJC_LITERAL_CONVERSION = YES;
				CLANG_WARN_OBJC_ROOT_CLASS = YES_ERROR;
				CLANG_WARN_QUOTED_INCLUDE_IN_FRAMEWORK_HEADER = YES;
				CLANG_WARN_RANGE_LOOP_ANALYSIS = YES;
				CLANG_WARN_STRICT_PROTOTYPES = YES;
				CLANG_WARN_SUSPICIOUS_MOVE = YES;
				CLANG_WARN_UNGUARDED_AVAILABILITY = YES_AGGRESSIVE;
				CLANG_WARN_UNREACHABLE_CODE = YES;
				CLANG_WARN__DUPLICATE_METHOD_MATCH = YES;
				COPY_PHASE_STRIP = NO;
				DEBUG_INFORMATION_FORMAT = "dwarf-with-dsym";
				ENABLE_NS_ASSERTIONS = NO;
				ENABLE_STRICT_OBJC_MSGSEND = YES;
				GCC_C_LANGUAGE_STANDARD = gnu11;
				GCC_NO_COMMON_BLOCKS = YES;
				GCC_WARN_64_TO_32_BIT_CONVERSION = YES;
				GCC_WARN_ABOUT_RETURN_TYPE = YES_ERROR;
				GCC_WARN_UNDECLARED_SELECTOR = YES;
				GCC_WARN_UNINITIALIZED_AUTOS = YES_AGGRESSIVE;
				GCC_WARN_UNUSED_FUNCTION = YES;
				GCC_WARN_UNUSED_VARIABLE = YES;
				IPHONEOS_DEPLOYMENT_TARGET = 17.0;
				MTL_ENABLE_DEBUG_INFO = NO;
				MTL_FAST_MATH = YES;
				PRODUCT_NAME = "$(TARGET_NAME)";
				SDKROOT = iphoneos;
				SWIFT_COMPILATION_MODE = wholemodule;
				SWIFT_OPTIMIZATION_LEVEL = "-O";
				SWIFT_STRICT_CONCURRENCY = targeted;
				SWIFT_VERSION = 6.0;
			};
			name = Release;
		};
		A4C452BCA3111CAF5BBF6D0B /* Debug */ = {
			isa = XCBuildConfiguration;
			buildSettings = {
				ASSETCATALOG_COMPILER_APPICON_NAME = AppIcon;
				CODE_SIGN_ENTITLEMENTS = MarkPush/MarkPush.entitlements;
				CODE_SIGN_IDENTITY = "iPhone Developer";
				CODE_SIGN_STYLE = Automatic;
				CURRENT_PROJECT_VERSION = 1;
				DEVELOPMENT_TEAM = MWU56C4YRR;
				ENABLE_PREVIEWS = YES;
				INFOPLIST_FILE = MarkPush/Info.plist;
				LD_RUNPATH_SEARCH_PATHS = (
					"$(inherited)",
					"@executable_path/Frameworks",
				);
				MARKETING_VERSION = 0.1.0;
				PRODUCT_BUNDLE_IDENTIFIER = com.rahilsinghi.markpush;
				SDKROOT = iphoneos;
				SWIFT_OPTIMIZATION_LEVEL = "-Onone";
				TARGETED_DEVICE_FAMILY = "1,2";
			};
			name = Debug;
		};
		AA4585EA2388E1DD58B9DCCF /* Debug */ = {
			isa = XCBuildConfiguration;
			buildSettings = {
				BUNDLE_LOADER = "$(TEST_HOST)";
				GENERATE_INFOPLIST_FILE = YES;
				LD_RUNPATH_SEARCH_PATHS = (
					"$(inherited)",
					"@executable_path/Frameworks",
					"@loader_path/Frameworks",
				);
				PRODUCT_BUNDLE_IDENTIFIER = com.rahilsinghi.MarkPushTests;
				SDKROOT = iphoneos;
				TARGETED_DEVICE_FAMILY = "1,2";
				TEST_HOST = "$(BUILT_PRODUCTS_DIR)/MarkPush.app/$(BUNDLE_EXECUTABLE_FOLDER_PATH)/MarkPush";
			};
			name = Debug;
		};
		C0C0B4317E6B6B5900B560ED /* Release */ = {
			isa = XCBuildConfiguration;
			buildSettings = {
				BUNDLE_LOADER = "$(TEST_HOST)";
				GENERATE_INFOPLIST_FILE = YES;
				LD_RUNPATH_SEARCH_PATHS = (
					"$(inherited)",
					"@executable_path/Frameworks",
					"@loader_path/Frameworks",
				);
				PRODUCT_BUNDLE_IDENTIFIER = com.rahilsinghi.MarkPushTests;
				SDKROOT = iphoneos;
				TARGETED_DEVICE_FAMILY = "1,2";
				TEST_HOST = "$(BUILT_PRODUCTS_DIR)/MarkPush.app/$(BUNDLE_EXECUTABLE_FOLDER_PATH)/MarkPush";
			};
			name = Release;
		};
/* End XCBuildConfiguration section */

/* Begin XCConfigurationList section */
		0BECF56D6D694BA739FF83EE /* Build configuration list for PBXNativeTarget "MarkPush" */ = {
			isa = XCConfigurationList;
			buildConfigurations = (
				A4C452BCA3111CAF5BBF6D0B /* Debug */,
				194256D4F8E1C5AE9ABCA823 /* Release */,
			);
			defaultConfigurationIsVisible = 0;
			defaultConfigurationName = Debug;
		};
		2A4180F10D7F258337AC2108 /* Build configuration list for PBXNativeTarget "MarkPushTests" */ = {
			isa = XCConfigurationList;
			buildConfigurations = (
				AA4585EA2388E1DD58B9DCCF /* Debug */,
				C0C0B4317E6B6B5900B560ED /* Release */,
			);
			defaultConfigurationIsVisible = 0;
			defaultConfigurationName = Debug;
		};
		E8E9246423B762F406B299C8 /* Build configuration list for PBXProject "MarkPush" */ = {
			isa = XCConfigurationList;
			buildConfigurations = (
				144B4256767D347C0CBE3B0D /* Debug */,
				258EA6F1EF55C5D426621353 /* Release */,
			);
			defaultConfigurationIsVisible = 0;
			defaultConfigurationName = Debug;
		};
/* End XCConfigurationList section */

/* Begin XCRemoteSwiftPackageReference section */
		240D4BA213F6467A4EF2DBA5 /* XCRemoteSwiftPackageReference "CodeScanner" */ = {
			isa = XCRemoteSwiftPackageReference;
			repositoryURL = "https://github.com/twostraws/CodeScanner";
			requirement = {
				kind = upToNextMajorVersion;
				minimumVersion = 2.5.0;
			};
		};
		391CDE4A385B30C165F588FA /* XCRemoteSwiftPackageReference "swift-markdown-ui" */ = {
			isa = XCRemoteSwiftPackageReference;
			repositoryURL = "https://github.com/gonzalezreal/swift-markdown-ui";
			requirement = {
				kind = upToNextMajorVersion;
				minimumVersion = 2.4.0;
			};
		};
		51C7292DD98D1AF044FBA546 /* XCRemoteSwiftPackageReference "KeychainAccess" */ = {
			isa = XCRemoteSwiftPackageReference;
			repositoryURL = "https://github.com/kishikawakatsumi/KeychainAccess";
			requirement = {
				kind = upToNextMajorVersion;
				minimumVersion = 4.2.2;
			};
		};
		8972B67D9B4ECC2A9E728646 /* XCRemoteSwiftPackageReference "swift-composable-architecture" */ = {
			isa = XCRemoteSwiftPackageReference;
			repositoryURL = "https://github.com/pointfreeco/swift-composable-architecture";
			requirement = {
				kind = upToNextMajorVersion;
				minimumVersion = 1.15.0;
			};
		};
		B8305552A29B4E361A47C0D1 /* XCRemoteSwiftPackageReference "supabase-swift" */ = {
			isa = XCRemoteSwiftPackageReference;
			repositoryURL = "https://github.com/supabase/supabase-swift";
			requirement = {
				kind = upToNextMajorVersion;
				minimumVersion = 2.5.0;
			};
		};
		CCCB8AED0290C24A04D52CBE /* XCRemoteSwiftPackageReference "Splash" */ = {
			isa = XCRemoteSwiftPackageReference;
			repositoryURL = "https://github.com/JohnSundell/Splash";
			requirement = {
				kind = upToNextMajorVersion;
				minimumVersion = 0.16.0;
			};
		};
/* End XCRemoteSwiftPackageReference section */

/* Begin XCSwiftPackageProductDependency section */
		162AE7E9BE9C76F1A3359C21 /* Supabase */ = {
			isa = XCSwiftPackageProductDependency;
			package = B8305552A29B4E361A47C0D1 /* XCRemoteSwiftPackageReference "supabase-swift" */;
			productName = Supabase;
		};
		9D2AEFD60F888C1E2EA81070 /* KeychainAccess */ = {
			isa = XCSwiftPackageProductDependency;
			package = 51C7292DD98D1AF044FBA546 /* XCRemoteSwiftPackageReference "KeychainAccess" */;
			productName = KeychainAccess;
		};
		B222B759713B229D615EA298 /* MarkdownUI */ = {
			isa = XCSwiftPackageProductDependency;
			package = 391CDE4A385B30C165F588FA /* XCRemoteSwiftPackageReference "swift-markdown-ui" */;
			productName = MarkdownUI;
		};
		EB85D7B618A2B4EF40D57DA7 /* CodeScanner */ = {
			isa = XCSwiftPackageProductDependency;
			package = 240D4BA213F6467A4EF2DBA5 /* XCRemoteSwiftPackageReference "CodeScanner" */;
			productName = CodeScanner;
		};
		FB63CFA223EF589A84C056AF /* Splash */ = {
			isa = XCSwiftPackageProductDependency;
			package = CCCB8AED0290C24A04D52CBE /* XCRemoteSwiftPackageReference "Splash" */;
			productName = Splash;
		};
		FCF5F0C0CE04125D93903651 /* ComposableArchitecture */ = {
			isa = XCSwiftPackageProductDependency;
			package = 8972B67D9B4ECC2A9E728646 /* XCRemoteSwiftPackageReference "swift-composable-architecture" */;
			productName = ComposableArchitecture;
		};
/* End XCSwiftPackageProductDependency section */
	};
	rootObject = 6EC387DA9C31442C60AFFD73 /* Project object */;
}
